
Microsoft Visual Studio Solution File, Format Version 12.00
# Visual Studio Version 17
VisualStudioVersion = 17.0.31903.59
MinimumVisualStudioVersion = 10.0.40219.1
Project("{2150E333-8FDC-42A3-9474-1A3956D46DE8}") = "src", "src", "{F8DA801A-E5BF-4547-AC6B-455E125EDD94}"
EndProject
Project("{FAE04EC0-301F-11D3-BF4B-00C04F79EFBC}") = "martin.gobert.FaceDetection.console", "src\martin.gobert.FaceDetection.console\martin.gobert.FaceDetection.console.csproj", "{D3925A25-749E-43BB-BA9A-4BB498718C94}"
EndProject
Global
	GlobalSection(SolutionConfigurationPlatforms) = preSolution
		Debug|Any CPU = Debug|Any CPU
		Release|Any CPU = Release|Any CPU
	EndGlobalSection
	GlobalSection(SolutionProperties) = preSolution
		HideSolutionNode = FALSE
	EndGlobalSection
	GlobalSection(ProjectConfigurationPlatforms) = postSolution
		{D3925A25-749E-43BB-BA9A-4BB498718C94}.Debug|Any CPU.ActiveCfg = Debug|Any CPU
		{D3925A25-749E-43BB-BA9A-4BB498718C94}.Debug|Any CPU.Build.0 = Debug|Any CPU
		{D3925A25-749E-43BB-BA9A-4BB498718C94}.Release|Any CPU.ActiveCfg = Release|Any CPU
		{D3925A25-749E-43BB-BA9A-4BB498718C94}.Release|Any CPU.Build.0 = Release|Any CPU
	EndGlobalSection
	GlobalSection(NestedProjects) = preSolution
		{D3925A25-749E-43BB-BA9A-4BB498718C94} = {F8DA801A-E5BF-4547-AC6B-455E125EDD94}
	EndGlobalSection
EndGlobal
